
Microsoft Visual Studio Solution File, Format Version 12.00
# Visual Studio Version 17
VisualStudioVersion = 17.3.32825.248
MinimumVisualStudioVersion = 10.0.40219.1
Project("{FAE04EC0-301F-11D3-BF4B-00C04F79EFBC}") = "WinFormsBMP", "WinFormsBMP\WinFormsBMP.csproj", "{29AEA25B-984C-473B-B591-ABEDEA406F62}"
EndProject
Project("{FAE04EC0-301F-11D3-BF4B-00C04F79EFBC}") = "Bmp", "Bmp\Bmp.csproj", "{8A5779A6-24E5-46C5-81FC-998DAB139295}"
EndProject
Global
	GlobalSection(SolutionConfigurationPlatforms) = preSolution
		Debug|Any CPU = Debug|Any CPU
		Release|Any CPU = Release|Any CPU
	EndGlobalSection
	GlobalSection(ProjectConfigurationPlatforms) = postSolution
		{29AEA25B-984C-473B-B591-ABEDEA406F62}.Debug|Any CPU.ActiveCfg = Debug|Any CPU
		{29AEA25B-984C-473B-B591-ABEDEA406F62}.Debug|Any CPU.Build.0 = Debug|Any CPU
		{29AEA25B-984C-473B-B591-ABEDEA406F62}.Release|Any CPU.ActiveCfg = Release|Any CPU
		{29AEA25B-984C-473B-B591-ABEDEA406F62}.Release|Any CPU.Build.0 = Release|Any CPU
		{8A5779A6-24E5-46C5-81FC-998DAB139295}.Debug|Any CPU.ActiveCfg = Debug|Any CPU
		{8A5779A6-24E5-46C5-81FC-998DAB139295}.Debug|Any CPU.Build.0 = Debug|Any CPU
		{8A5779A6-24E5-46C5-81FC-998DAB139295}.Release|Any CPU.ActiveCfg = Release|Any CPU
		{8A5779A6-24E5-46C5-81FC-998DAB139295}.Release|Any CPU.Build.0 = Release|Any CPU
	EndGlobalSection
	GlobalSection(SolutionProperties) = preSolution
		HideSolutionNode = FALSE
	EndGlobalSection
	GlobalSection(ExtensibilityGlobals) = postSolution
		SolutionGuid = {88E68E5E-612D-45F6-836A-A36290BA441A}
	EndGlobalSection
EndGlobal
