
Microsoft Visual Studio Solution File, Format Version 12.00
# Visual Studio Version 17
VisualStudioVersion = 17.3.32825.248
MinimumVisualStudioVersion = 10.0.40219.1
Project("{9A19103F-16F7-4668-BE54-9A1E7A4F7556}") = "WinFormsBMP", "WinFormsBMP\WinFormsBMP.csproj", "{29AEA25B-984C-473B-B591-ABEDEA406F62}"
EndProject
Global
	GlobalSection(SolutionConfigurationPlatforms) = preSolution
		Debug|Any CPU = Debug|Any CPU
		Release|Any CPU = Release|Any CPU
	EndGlobalSection
	GlobalSection(ProjectConfigurationPlatforms) = postSolution
		{29AEA25B-984C-473B-B591-ABEDEA406F62}.Debug|Any CPU.ActiveCfg = Debug|Any CPU
		{29AEA25B-984C-473B-B591-ABEDEA406F62}.Debug|Any CPU.Build.0 = Debug|Any CPU
		{29AEA25B-984C-473B-B591-ABEDEA406F62}.Release|Any CPU.ActiveCfg = Release|Any CPU
		{29AEA25B-984C-473B-B591-ABEDEA406F62}.Release|Any CPU.Build.0 = Release|Any CPU
	EndGlobalSection
	GlobalSection(SolutionProperties) = preSolution
		HideSolutionNode = FALSE
	EndGlobalSection
	GlobalSection(ExtensibilityGlobals) = postSolution
		SolutionGuid = {88E68E5E-612D-45F6-836A-A36290BA441A}
	EndGlobalSection
EndGlobal
